
Microsoft Visual Studio Solution File, Format Version 12.00
# Visual Studio 15
VisualStudioVersion = 15.0.26228.4
MinimumVisualStudioVersion = 10.0.40219.1
Project("{FAE04EC0-301F-11D3-BF4B-00C04F79EFBC}") = "ThereIsNoSpoon", "TopshelfTest\ThereIsNoSpoon.csproj", "{F8A6A9F5-95BC-4820-8FBB-0EF132F97B14}"
EndProject
Global
	GlobalSection(SolutionConfigurationPlatforms) = preSolution
		Debug|Any CPU = Debug|Any CPU
		Release|Any CPU = Release|Any CPU
	EndGlobalSection
	GlobalSection(ProjectConfigurationPlatforms) = postSolution
		{F8A6A9F5-95BC-4820-8FBB-0EF132F97B14}.Debug|Any CPU.ActiveCfg = Debug|Any CPU
		{F8A6A9F5-95BC-4820-8FBB-0EF132F97B14}.Debug|Any CPU.Build.0 = Debug|Any CPU
		{F8A6A9F5-95BC-4820-8FBB-0EF132F97B14}.Release|Any CPU.ActiveCfg = Release|Any CPU
		{F8A6A9F5-95BC-4820-8FBB-0EF132F97B14}.Release|Any CPU.Build.0 = Release|Any CPU
	EndGlobalSection
	GlobalSection(SolutionProperties) = preSolution
		HideSolutionNode = FALSE
	EndGlobalSection
EndGlobal
